
Microsoft Visual Studio Solution File, Format Version 12.00
# Visual Studio Version 17
VisualStudioVersion = 17.5.002.0
MinimumVisualStudioVersion = 10.0.40219.1
Project("{9A19103F-16F7-4668-BE54-9A1E7A4F7556}") = "GissaTalet", "GissaTalet.csproj", "{945493DC-90F3-4D49-B4B6-2E16A0260B73}"
EndProject
Global
	GlobalSection(SolutionConfigurationPlatforms) = preSolution
		Debug|Any CPU = Debug|Any CPU
		Release|Any CPU = Release|Any CPU
	EndGlobalSection
	GlobalSection(ProjectConfigurationPlatforms) = postSolution
		{945493DC-90F3-4D49-B4B6-2E16A0260B73}.Debug|Any CPU.ActiveCfg = Debug|Any CPU
		{945493DC-90F3-4D49-B4B6-2E16A0260B73}.Debug|Any CPU.Build.0 = Debug|Any CPU
		{945493DC-90F3-4D49-B4B6-2E16A0260B73}.Release|Any CPU.ActiveCfg = Release|Any CPU
		{945493DC-90F3-4D49-B4B6-2E16A0260B73}.Release|Any CPU.Build.0 = Release|Any CPU
	EndGlobalSection
	GlobalSection(SolutionProperties) = preSolution
		HideSolutionNode = FALSE
	EndGlobalSection
	GlobalSection(ExtensibilityGlobals) = postSolution
		SolutionGuid = {CBBE5E2F-B17F-41B1-B552-B68C025982E6}
	EndGlobalSection
EndGlobal
